
Microsoft Visual Studio Solution File, Format Version 12.00
Project("{FAE04EC0-301F-11D3-BF4B-00C04F79EFBC}") = "TelegramBot", "TelegramBot\TelegramBot.csproj", "{8CF8E4C4-4B7E-41C4-B27B-B180A71AAE7F}"
EndProject
Project("{FAE04EC0-301F-11D3-BF4B-00C04F79EFBC}") = "Fetcher", "Fetcher\Fetcher.csproj", "{4616982A-2781-4818-B508-82042120A4C1}"
EndProject
Project("{FAE04EC0-301F-11D3-BF4B-00C04F79EFBC}") = "WebViewer", "WebViewer\WebViewer.csproj", "{C1FDE197-1FF2-41A1-8FFE-35CC375C04C7}"
EndProject
Global
	GlobalSection(SolutionConfigurationPlatforms) = preSolution
		Debug|Any CPU = Debug|Any CPU
		Release|Any CPU = Release|Any CPU
	EndGlobalSection
	GlobalSection(ProjectConfigurationPlatforms) = postSolution
		{8CF8E4C4-4B7E-41C4-B27B-B180A71AAE7F}.Debug|Any CPU.ActiveCfg = Debug|Any CPU
		{8CF8E4C4-4B7E-41C4-B27B-B180A71AAE7F}.Debug|Any CPU.Build.0 = Debug|Any CPU
		{8CF8E4C4-4B7E-41C4-B27B-B180A71AAE7F}.Release|Any CPU.ActiveCfg = Release|Any CPU
		{8CF8E4C4-4B7E-41C4-B27B-B180A71AAE7F}.Release|Any CPU.Build.0 = Release|Any CPU
		{4616982A-2781-4818-B508-82042120A4C1}.Debug|Any CPU.ActiveCfg = Debug|Any CPU
		{4616982A-2781-4818-B508-82042120A4C1}.Debug|Any CPU.Build.0 = Debug|Any CPU
		{4616982A-2781-4818-B508-82042120A4C1}.Release|Any CPU.ActiveCfg = Release|Any CPU
		{4616982A-2781-4818-B508-82042120A4C1}.Release|Any CPU.Build.0 = Release|Any CPU
		{C1FDE197-1FF2-41A1-8FFE-35CC375C04C7}.Debug|Any CPU.ActiveCfg = Debug|Any CPU
		{C1FDE197-1FF2-41A1-8FFE-35CC375C04C7}.Debug|Any CPU.Build.0 = Debug|Any CPU
		{C1FDE197-1FF2-41A1-8FFE-35CC375C04C7}.Release|Any CPU.ActiveCfg = Release|Any CPU
		{C1FDE197-1FF2-41A1-8FFE-35CC375C04C7}.Release|Any CPU.Build.0 = Release|Any CPU
	EndGlobalSection
EndGlobal
